// !$*UTF8*$!
{
	archiveVersion = 1;
	classes = {
	};
	objectVersion = 50;
	objects = {

/* Begin PBXGroup section */
		6711B14421758B7A00DAE1BC = {
			isa = PBXGroup;
			children = (
			);
			sourceTree = "<group>";
		};
/* End PBXGroup section */

/* Begin PBXProject section */
		6711B14521758B7A00DAE1BC /* Project object */ = {
			isa = PBXProject;
			attributes = {
				LastUpgradeCheck = 1000;
			};
			buildConfigurationList = 6711B14821758B7A00DAE1BC /* Build configuration list for PBXProject "Preferencable" */;
			compatibilityVersion = "Xcode 9.3";
			developmentRegion = en;
			hasScannedForEncodings = 0;
			knownRegions = (
				en,
			);
			mainGroup = 6711B14421758B7A00DAE1BC;
			projectDirPath = "";
			projectRoot = "";
			targets = (
			);
		};
/* End PBXProject section */

/* Begin XCBuildConfiguration section */
		6711B14921758B7A00DAE1BC /* Debug */ = {
			isa = XCBuildConfiguration;
			buildSettings = {
			};
			name = Debug;
		};
		6711B14A21758B7A00DAE1BC /* Release */ = {
			isa = XCBuildConfiguration;
			buildSettings = {
			};
			name = Release;
		};
/* End XCBuildConfiguration section */

/* Begin XCConfigurationList section */
		6711B14821758B7A00DAE1BC /* Build configuration list for PBXProject "Preferencable" */ = {
			isa = XCConfigurationList;
			buildConfigurations = (
				6711B14921758B7A00DAE1BC /* Debug */,
				6711B14A21758B7A00DAE1BC /* Release */,
			);
			defaultConfigurationIsVisible = 0;
			defaultConfigurationName = Release;
		};
/* End XCConfigurationList section */
	};
	rootObject = 6711B14521758B7A00DAE1BC /* Project object */;
}
